
Microsoft Visual Studio Solution File, Format Version 12.00
# Visual Studio Version 17
VisualStudioVersion = 17.0.31903.59
MinimumVisualStudioVersion = 10.0.40219.1
Project("{2150E333-8FDC-42A3-9474-1A3956D46DE8}") = "src", "src", "{D7E6E2F5-C8B4-4B5F-9B1F-8E8F3E4A5E0F}"
EndProject
Project("{FAE04EC0-301F-11D3-BF4B-00C04F79EFBC}") = "InteractiveExtension", "src\InteractiveExtension\InteractiveExtension.csproj", "{8A9D3B7A-8B3F-4B4F-8B3F-8B3F8B3F8B3F}"
EndProject
Global
	GlobalSection(SolutionConfigurationPlatforms) = preSolution
		Debug|Any CPU = Debug|Any CPU
		Release|Any CPU = Release|Any CPU
	EndGlobalSection
	GlobalSection(SolutionProperties) = preSolution
		HideSolutionNode = FALSE
	EndGlobalSection
	GlobalSection(ProjectConfigurationPlatforms) = postSolution
		{8A9D3B7A-8B3F-4B4F-8B3F-8B3F8B3F8B3F}.Debug|Any CPU.ActiveCfg = Debug|Any CPU
		{8A9D3B7A-8B3F-4B4F-8B3F-8B3F8B3F8B3F}.Debug|Any CPU.Build.0 = Debug|Any CPU
		{8A9D3B7A-8B3F-4B4F-8B3F-8B3F8B3F8B3F}.Release|Any CPU.ActiveCfg = Release|Any CPU
		{8A9D3B7A-8B3F-4B4F-8B3F-8B3F8B3F8B3F}.Release|Any CPU.Build.0 = Release|Any CPU
	EndGlobalSection
	GlobalSection(NestedProjects) = preSolution
		{8A9D3B7A-8B3F-4B4F-8B3F-8B3F8B3F8B3F} = {D7E6E2F5-C8B4-4B5F-9B1F-8E8F3E4A5E0F}
	EndGlobalSection
EndGlobal
